// !$*UTF8*$!
{
	archiveVersion = 1;
	classes = {
	};
	objectVersion = 55;
	objects = {

/* Begin PBXBuildFile section */
		3F2B35B3286C4135000D3711 /* AppDelegate.swift in Sources */ = {isa = PBXBuildFile; fileRef = 3F2B35B2286C4135000D3711 /* AppDelegate.swift */; };
		3F2B35B5286C4135000D3711 /* SceneDelegate.swift in Sources */ = {isa = PBXBuildFile; fileRef = 3F2B35B4286C4135000D3711 /* SceneDelegate.swift */; };
		3F2B35BA286C4135000D3711 /* Main.storyboard in Resources */ = {isa = PBXBuildFile; fileRef = 3F2B35B8286C4135000D3711 /* Main.storyboard */; };
		3F2B35BC286C4136000D3711 /* Assets.xcassets in Resources */ = {isa = PBXBuildFile; fileRef = 3F2B35BB286C4136000D3711 /* Assets.xcassets */; };
		3F2B35BF286C4136000D3711 /* LaunchScreen.storyboard in Resources */ = {isa = PBXBuildFile; fileRef = 3F2B35BD286C4136000D3711 /* LaunchScreen.storyboard */; };
		3F2B35CD286C43BF000D3711 /* NoteBookTableViewController.swift in Sources */ = {isa = PBXBuildFile; fileRef = 3F2B35CC286C43BF000D3711 /* NoteBookTableViewController.swift */; };
		3F2B35CF286C4E78000D3711 /* KeyApi.swift in Sources */ = {isa = PBXBuildFile; fileRef = 3F2B35CE286C4E78000D3711 /* KeyApi.swift */; };
		3F2B35D3286C54C4000D3711 /* DetailViewController.swift in Sources */ = {isa = PBXBuildFile; fileRef = 3F2B35D2286C54C4000D3711 /* DetailViewController.swift */; };
		3F2B35D5286C7B83000D3711 /* UserData.swift in Sources */ = {isa = PBXBuildFile; fileRef = 3F2B35D4286C7B83000D3711 /* UserData.swift */; };
		3F2B35D7286C7BE6000D3711 /* NetworkUserManager.swift in Sources */ = {isa = PBXBuildFile; fileRef = 3F2B35D6286C7BE6000D3711 /* NetworkUserManager.swift */; };
		3F2B35D9286C81B0000D3711 /* NetworkDataFetch.swift in Sources */ = {isa = PBXBuildFile; fileRef = 3F2B35D8286C81B0000D3711 /* NetworkDataFetch.swift */; };
		3F2B35DB286C8563000D3711 /* UserDataRealm.swift in Sources */ = {isa = PBXBuildFile; fileRef = 3F2B35DA286C8563000D3711 /* UserDataRealm.swift */; };
		3F2B35DE286C85AB000D3711 /* Realm in Frameworks */ = {isa = PBXBuildFile; productRef = 3F2B35DD286C85AB000D3711 /* Realm */; };
		3F2B35E0286C85AB000D3711 /* RealmSwift in Frameworks */ = {isa = PBXBuildFile; productRef = 3F2B35DF286C85AB000D3711 /* RealmSwift */; };
		3F2B35E3286C85D6000D3711 /* RealmManager.swift in Sources */ = {isa = PBXBuildFile; fileRef = 3F2B35E2286C85D6000D3711 /* RealmManager.swift */; };
		3F2B35E5286CE540000D3711 /* NetworkUsersManager.swift in Sources */ = {isa = PBXBuildFile; fileRef = 3F2B35E4286CE540000D3711 /* NetworkUsersManager.swift */; };
		3F2B35E7286CE65B000D3711 /* Users.swift in Sources */ = {isa = PBXBuildFile; fileRef = 3F2B35E6286CE65B000D3711 /* Users.swift */; };
/* End PBXBuildFile section */

/* Begin PBXFileReference section */
		3F2B35AF286C4135000D3711 /* NoteBookTestTask.app */ = {isa = PBXFileReference; explicitFileType = wrapper.application; includeInIndex = 0; path = NoteBookTestTask.app; sourceTree = BUILT_PRODUCTS_DIR; };
		3F2B35B2286C4135000D3711 /* AppDelegate.swift */ = {isa = PBXFileReference; lastKnownFileType = sourcecode.swift; path = AppDelegate.swift; sourceTree = "<group>"; };
		3F2B35B4286C4135000D3711 /* SceneDelegate.swift */ = {isa = PBXFileReference; lastKnownFileType = sourcecode.swift; path = SceneDelegate.swift; sourceTree = "<group>"; };
		3F2B35B9286C4135000D3711 /* Base */ = {isa = PBXFileReference; lastKnownFileType = file.storyboard; name = Base; path = Base.lproj/Main.storyboard; sourceTree = "<group>"; };
		3F2B35BB286C4136000D3711 /* Assets.xcassets */ = {isa = PBXFileReference; lastKnownFileType = folder.assetcatalog; path = Assets.xcassets; sourceTree = "<group>"; };
		3F2B35BE286C4136000D3711 /* Base */ = {isa = PBXFileReference; lastKnownFileType = file.storyboard; name = Base; path = Base.lproj/LaunchScreen.storyboard; sourceTree = "<group>"; };
		3F2B35C0286C4136000D3711 /* Info.plist */ = {isa = PBXFileReference; lastKnownFileType = text.plist.xml; path = Info.plist; sourceTree = "<group>"; };
		3F2B35CC286C43BF000D3711 /* NoteBookTableViewController.swift */ = {isa = PBXFileReference; lastKnownFileType = sourcecode.swift; path = NoteBookTableViewController.swift; sourceTree = "<group>"; };
		3F2B35CE286C4E78000D3711 /* KeyApi.swift */ = {isa = PBXFileReference; lastKnownFileType = sourcecode.swift; path = KeyApi.swift; sourceTree = "<group>"; };
		3F2B35D2286C54C4000D3711 /* DetailViewController.swift */ = {isa = PBXFileReference; lastKnownFileType = sourcecode.swift; path = DetailViewController.swift; sourceTree = "<group>"; };
		3F2B35D4286C7B83000D3711 /* UserData.swift */ = {isa = PBXFileReference; lastKnownFileType = sourcecode.swift; path = UserData.swift; sourceTree = "<group>"; };
		3F2B35D6286C7BE6000D3711 /* NetworkUserManager.swift */ = {isa = PBXFileReference; lastKnownFileType = sourcecode.swift; path = NetworkUserManager.swift; sourceTree = "<group>"; };
		3F2B35D8286C81B0000D3711 /* NetworkDataFetch.swift */ = {isa = PBXFileReference; lastKnownFileType = sourcecode.swift; path = NetworkDataFetch.swift; sourceTree = "<group>"; };
		3F2B35DA286C8563000D3711 /* UserDataRealm.swift */ = {isa = PBXFileReference; lastKnownFileType = sourcecode.swift; path = UserDataRealm.swift; sourceTree = "<group>"; };
		3F2B35E2286C85D6000D3711 /* RealmManager.swift */ = {isa = PBXFileReference; lastKnownFileType = sourcecode.swift; path = RealmManager.swift; sourceTree = "<group>"; };
		3F2B35E4286CE540000D3711 /* NetworkUsersManager.swift */ = {isa = PBXFileReference; lastKnownFileType = sourcecode.swift; path = NetworkUsersManager.swift; sourceTree = "<group>"; };
		3F2B35E6286CE65B000D3711 /* Users.swift */ = {isa = PBXFileReference; lastKnownFileType = sourcecode.swift; path = Users.swift; sourceTree = "<group>"; };
/* End PBXFileReference section */

/* Begin PBXFrameworksBuildPhase section */
		3F2B35AC286C4135000D3711 /* Frameworks */ = {
			isa = PBXFrameworksBuildPhase;
			buildActionMask = 2147483647;
			files = (
				3F2B35E0286C85AB000D3711 /* RealmSwift in Frameworks */,
				3F2B35DE286C85AB000D3711 /* Realm in Frameworks */,
			);
			runOnlyForDeploymentPostprocessing = 0;
		};
/* End PBXFrameworksBuildPhase section */

/* Begin PBXGroup section */
		3F2B35A6286C4135000D3711 = {
			isa = PBXGroup;
			children = (
				3F2B35B1286C4135000D3711 /* NoteBookTestTask */,
				3F2B35B0286C4135000D3711 /* Products */,
			);
			sourceTree = "<group>";
		};
		3F2B35B0286C4135000D3711 /* Products */ = {
			isa = PBXGroup;
			children = (
				3F2B35AF286C4135000D3711 /* NoteBookTestTask.app */,
			);
			name = Products;
			sourceTree = "<group>";
		};
		3F2B35B1286C4135000D3711 /* NoteBookTestTask */ = {
			isa = PBXGroup;
			children = (
				3F2B35CB286C4206000D3711 /* Network */,
				3F2B35C9286C41A9000D3711 /* Application  */,
				3F2B35C8286C41A2000D3711 /* Model */,
				3F2B35C7286C419B000D3711 /* View */,
				3F2B35C6286C4186000D3711 /* Controller */,
				3F2B35E1286C85C2000D3711 /* Services */,
				3F2B35CA286C41BD000D3711 /* Resourses */,
			);
			path = NoteBookTestTask;
			sourceTree = "<group>";
		};
		3F2B35C6286C4186000D3711 /* Controller */ = {
			isa = PBXGroup;
			children = (
				3F2B35CC286C43BF000D3711 /* NoteBookTableViewController.swift */,
				3F2B35D2286C54C4000D3711 /* DetailViewController.swift */,
			);
			path = Controller;
			sourceTree = "<group>";
		};
		3F2B35C7286C419B000D3711 /* View */ = {
			isa = PBXGroup;
			children = (
				3F2B35B8286C4135000D3711 /* Main.storyboard */,
				3F2B35BD286C4136000D3711 /* LaunchScreen.storyboard */,
			);
			path = View;
			sourceTree = "<group>";
		};
		3F2B35C8286C41A2000D3711 /* Model */ = {
			isa = PBXGroup;
			children = (
				3F2B35D4286C7B83000D3711 /* UserData.swift */,
				3F2B35DA286C8563000D3711 /* UserDataRealm.swift */,
				3F2B35E6286CE65B000D3711 /* Users.swift */,
			);
			path = Model;
			sourceTree = "<group>";
		};
		3F2B35C9286C41A9000D3711 /* Application  */ = {
			isa = PBXGroup;
			children = (
				3F2B35B2286C4135000D3711 /* AppDelegate.swift */,
				3F2B35B4286C4135000D3711 /* SceneDelegate.swift */,
			);
			path = "Application ";
			sourceTree = "<group>";
		};
		3F2B35CA286C41BD000D3711 /* Resourses */ = {
			isa = PBXGroup;
			children = (
				3F2B35BB286C4136000D3711 /* Assets.xcassets */,
				3F2B35C0286C4136000D3711 /* Info.plist */,
				3F2B35CE286C4E78000D3711 /* KeyApi.swift */,
			);
			path = Resourses;
			sourceTree = "<group>";
		};
		3F2B35CB286C4206000D3711 /* Network */ = {
			isa = PBXGroup;
			children = (
				3F2B35D6286C7BE6000D3711 /* NetworkUserManager.swift */,
				3F2B35D8286C81B0000D3711 /* NetworkDataFetch.swift */,
				3F2B35E4286CE540000D3711 /* NetworkUsersManager.swift */,
			);
			path = Network;
			sourceTree = "<group>";
		};
		3F2B35E1286C85C2000D3711 /* Services */ = {
			isa = PBXGroup;
			children = (
				3F2B35E2286C85D6000D3711 /* RealmManager.swift */,
			);
			path = Services;
			sourceTree = "<group>";
		};
/* End PBXGroup section */

/* Begin PBXNativeTarget section */
		3F2B35AE286C4135000D3711 /* NoteBookTestTask */ = {
			isa = PBXNativeTarget;
			buildConfigurationList = 3F2B35C3286C4136000D3711 /* Build configuration list for PBXNativeTarget "NoteBookTestTask" */;
			buildPhases = (
				3F2B35AB286C4135000D3711 /* Sources */,
				3F2B35AC286C4135000D3711 /* Frameworks */,
				3F2B35AD286C4135000D3711 /* Resources */,
			);
			buildRules = (
			);
			dependencies = (
			);
			name = NoteBookTestTask;
			packageProductDependencies = (
				3F2B35DD286C85AB000D3711 /* Realm */,
				3F2B35DF286C85AB000D3711 /* RealmSwift */,
			);
			productName = NoteBookTestTask;
			productReference = 3F2B35AF286C4135000D3711 /* NoteBookTestTask.app */;
			productType = "com.apple.product-type.application";
		};
/* End PBXNativeTarget section */

/* Begin PBXProject section */
		3F2B35A7286C4135000D3711 /* Project object */ = {
			isa = PBXProject;
			attributes = {
				BuildIndependentTargetsInParallel = 1;
				LastSwiftUpdateCheck = 1300;
				LastUpgradeCheck = 1300;
				TargetAttributes = {
					3F2B35AE286C4135000D3711 = {
						CreatedOnToolsVersion = 13.0;
					};
				};
			};
			buildConfigurationList = 3F2B35AA286C4135000D3711 /* Build configuration list for PBXProject "NoteBookTestTask" */;
			compatibilityVersion = "Xcode 13.0";
			developmentRegion = en;
			hasScannedForEncodings = 0;
			knownRegions = (
				en,
				Base,
			);
			mainGroup = 3F2B35A6286C4135000D3711;
			packageReferences = (
				3F2B35DC286C85AB000D3711 /* XCRemoteSwiftPackageReference "realm-swift" */,
			);
			productRefGroup = 3F2B35B0286C4135000D3711 /* Products */;
			projectDirPath = "";
			projectRoot = "";
			targets = (
				3F2B35AE286C4135000D3711 /* NoteBookTestTask */,
			);
		};
/* End PBXProject section */

/* Begin PBXResourcesBuildPhase section */
		3F2B35AD286C4135000D3711 /* Resources */ = {
			isa = PBXResourcesBuildPhase;
			buildActionMask = 2147483647;
			files = (
				3F2B35BF286C4136000D3711 /* LaunchScreen.storyboard in Resources */,
				3F2B35BC286C4136000D3711 /* Assets.xcassets in Resources */,
				3F2B35BA286C4135000D3711 /* Main.storyboard in Resources */,
			);
			runOnlyForDeploymentPostprocessing = 0;
		};
/* End PBXResourcesBuildPhase section */

/* Begin PBXSourcesBuildPhase section */
		3F2B35AB286C4135000D3711 /* Sources */ = {
			isa = PBXSourcesBuildPhase;
			buildActionMask = 2147483647;
			files = (
				3F2B35D5286C7B83000D3711 /* UserData.swift in Sources */,
				3F2B35D7286C7BE6000D3711 /* NetworkUserManager.swift in Sources */,
				3F2B35DB286C8563000D3711 /* UserDataRealm.swift in Sources */,
				3F2B35B3286C4135000D3711 /* AppDelegate.swift in Sources */,
				3F2B35E7286CE65B000D3711 /* Users.swift in Sources */,
				3F2B35E5286CE540000D3711 /* NetworkUsersManager.swift in Sources */,
				3F2B35CD286C43BF000D3711 /* NoteBookTableViewController.swift in Sources */,
				3F2B35D3286C54C4000D3711 /* DetailViewController.swift in Sources */,
				3F2B35CF286C4E78000D3711 /* KeyApi.swift in Sources */,
				3F2B35E3286C85D6000D3711 /* RealmManager.swift in Sources */,
				3F2B35B5286C4135000D3711 /* SceneDelegate.swift in Sources */,
				3F2B35D9286C81B0000D3711 /* NetworkDataFetch.swift in Sources */,
			);
			runOnlyForDeploymentPostprocessing = 0;
		};
/* End PBXSourcesBuildPhase section */

/* Begin PBXVariantGroup section */
		3F2B35B8286C4135000D3711 /* Main.storyboard */ = {
			isa = PBXVariantGroup;
			children = (
				3F2B35B9286C4135000D3711 /* Base */,
			);
			name = Main.storyboard;
			sourceTree = "<group>";
		};
		3F2B35BD286C4136000D3711 /* LaunchScreen.storyboard */ = {
			isa = PBXVariantGroup;
			children = (
				3F2B35BE286C4136000D3711 /* Base */,
			);
			name = LaunchScreen.storyboard;
			sourceTree = "<group>";
		};
/* End PBXVariantGroup section */

/* Begin XCBuildConfiguration section */
		3F2B35C1286C4136000D3711 /* Debug */ = {
			isa = XCBuildConfiguration;
			buildSettings = {
				ALWAYS_SEARCH_USER_PATHS = NO;
				CLANG_ANALYZER_NONNULL = YES;
				CLANG_ANALYZER_NUMBER_OBJECT_CONVERSION = YES_AGGRESSIVE;
				CLANG_CXX_LANGUAGE_STANDARD = "gnu++17";
				CLANG_CXX_LIBRARY = "libc++";
				CLANG_ENABLE_MODULES = YES;
				CLANG_ENABLE_OBJC_ARC = YES;
				CLANG_ENABLE_OBJC_WEAK = YES;
				CLANG_WARN_BLOCK_CAPTURE_AUTORELEASING = YES;
				CLANG_WARN_BOOL_CONVERSION = YES;
				CLANG_WARN_COMMA = YES;
				CLANG_WARN_CONSTANT_CONVERSION = YES;
				CLANG_WARN_DEPRECATED_OBJC_IMPLEMENTATIONS = YES;
				CLANG_WARN_DIRECT_OBJC_ISA_USAGE = YES_ERROR;
				CLANG_WARN_DOCUMENTATION_COMMENTS = YES;
				CLANG_WARN_EMPTY_BODY = YES;
				CLANG_WARN_ENUM_CONVERSION = YES;
				CLANG_WARN_INFINITE_RECURSION = YES;
				CLANG_WARN_INT_CONVERSION = YES;
				CLANG_WARN_NON_LITERAL_NULL_CONVERSION = YES;
				CLANG_WARN_OBJC_IMPLICIT_RETAIN_SELF = YES;
				CLANG_WARN_OBJC_LITERAL_CONVERSION = YES;
				CLANG_WARN_OBJC_ROOT_CLASS = YES_ERROR;
				CLANG_WARN_QUOTED_INCLUDE_IN_FRAMEWORK_HEADER = YES;
				CLANG_WARN_RANGE_LOOP_ANALYSIS = YES;
				CLANG_WARN_STRICT_PROTOTYPES = YES;
				CLANG_WARN_SUSPICIOUS_MOVE = YES;
				CLANG_WARN_UNGUARDED_AVAILABILITY = YES_AGGRESSIVE;
				CLANG_WARN_UNREACHABLE_CODE = YES;
				CLANG_WARN__DUPLICATE_METHOD_MATCH = YES;
				COPY_PHASE_STRIP = NO;
				DEBUG_INFORMATION_FORMAT = dwarf;
				ENABLE_STRICT_OBJC_MSGSEND = YES;
				ENABLE_TESTABILITY = YES;
				GCC_C_LANGUAGE_STANDARD = gnu11;
				GCC_DYNAMIC_NO_PIC = NO;
				GCC_NO_COMMON_BLOCKS = YES;
				GCC_OPTIMIZATION_LEVEL = 0;
				GCC_PREPROCESSOR_DEFINITIONS = (
					"DEBUG=1",
					"$(inherited)",
				);
				GCC_WARN_64_TO_32_BIT_CONVERSION = YES;
				GCC_WARN_ABOUT_RETURN_TYPE = YES_ERROR;
				GCC_WARN_UNDECLARED_SELECTOR = YES;
				GCC_WARN_UNINITIALIZED_AUTOS = YES_AGGRESSIVE;
				GCC_WARN_UNUSED_FUNCTION = YES;
				GCC_WARN_UNUSED_VARIABLE = YES;
				IPHONEOS_DEPLOYMENT_TARGET = 15.0;
				MTL_ENABLE_DEBUG_INFO = INCLUDE_SOURCE;
				MTL_FAST_MATH = YES;
				ONLY_ACTIVE_ARCH = YES;
				SDKROOT = iphoneos;
				SWIFT_ACTIVE_COMPILATION_CONDITIONS = DEBUG;
				SWIFT_OPTIMIZATION_LEVEL = "-Onone";
			};
			name = Debug;
		};
		3F2B35C2286C4136000D3711 /* Release */ = {
			isa = XCBuildConfiguration;
			buildSettings = {
				ALWAYS_SEARCH_USER_PATHS = NO;
				CLANG_ANALYZER_NONNULL = YES;
				CLANG_ANALYZER_NUMBER_OBJECT_CONVERSION = YES_AGGRESSIVE;
				CLANG_CXX_LANGUAGE_STANDARD = "gnu++17";
				CLANG_CXX_LIBRARY = "libc++";
				CLANG_ENABLE_MODULES = YES;
				CLANG_ENABLE_OBJC_ARC = YES;
				CLANG_ENABLE_OBJC_WEAK = YES;
				CLANG_WARN_BLOCK_CAPTURE_AUTORELEASING = YES;
				CLANG_WARN_BOOL_CONVERSION = YES;
				CLANG_WARN_COMMA = YES;
				CLANG_WARN_CONSTANT_CONVERSION = YES;
				CLANG_WARN_DEPRECATED_OBJC_IMPLEMENTATIONS = YES;
				CLANG_WARN_DIRECT_OBJC_ISA_USAGE = YES_ERROR;
				CLANG_WARN_DOCUMENTATION_COMMENTS = YES;
				CLANG_WARN_EMPTY_BODY = YES;
				CLANG_WARN_ENUM_CONVERSION = YES;
				CLANG_WARN_INFINITE_RECURSION = YES;
				CLANG_WARN_INT_CONVERSION = YES;
				CLANG_WARN_NON_LITERAL_NULL_CONVERSION = YES;
				CLANG_WARN_OBJC_IMPLICIT_RETAIN_SELF = YES;
				CLANG_WARN_OBJC_LITERAL_CONVERSION = YES;
				CLANG_WARN_OBJC_ROOT_CLASS = YES_ERROR;
				CLANG_WARN_QUOTED_INCLUDE_IN_FRAMEWORK_HEADER = YES;
				CLANG_WARN_RANGE_LOOP_ANALYSIS = YES;
				CLANG_WARN_STRICT_PROTOTYPES = YES;
				CLANG_WARN_SUSPICIOUS_MOVE = YES;
				CLANG_WARN_UNGUARDED_AVAILABILITY = YES_AGGRESSIVE;
				CLANG_WARN_UNREACHABLE_CODE = YES;
				CLANG_WARN__DUPLICATE_METHOD_MATCH = YES;
				COPY_PHASE_STRIP = NO;
				DEBUG_INFORMATION_FORMAT = "dwarf-with-dsym";
				ENABLE_NS_ASSERTIONS = NO;
				ENABLE_STRICT_OBJC_MSGSEND = YES;
				GCC_C_LANGUAGE_STANDARD = gnu11;
				GCC_NO_COMMON_BLOCKS = YES;
				GCC_WARN_64_TO_32_BIT_CONVERSION = YES;
				GCC_WARN_ABOUT_RETURN_TYPE = YES_ERROR;
				GCC_WARN_UNDECLARED_SELECTOR = YES;
				GCC_WARN_UNINITIALIZED_AUTOS = YES_AGGRESSIVE;
				GCC_WARN_UNUSED_FUNCTION = YES;
				GCC_WARN_UNUSED_VARIABLE = YES;
				IPHONEOS_DEPLOYMENT_TARGET = 15.0;
				MTL_ENABLE_DEBUG_INFO = NO;
				MTL_FAST_MATH = YES;
				SDKROOT = iphoneos;
				SWIFT_COMPILATION_MODE = wholemodule;
				SWIFT_OPTIMIZATION_LEVEL = "-O";
				VALIDATE_PRODUCT = YES;
			};
			name = Release;
		};
		3F2B35C4286C4136000D3711 /* Debug */ = {
			isa = XCBuildConfiguration;
			buildSettings = {
				ASSETCATALOG_COMPILER_APPICON_NAME = AppIcon;
				ASSETCATALOG_COMPILER_GLOBAL_ACCENT_COLOR_NAME = AccentColor;
				CODE_SIGN_STYLE = Automatic;
				CURRENT_PROJECT_VERSION = 1;
				DEVELOPMENT_TEAM = T7FVMHHXDH;
				GENERATE_INFOPLIST_FILE = YES;
				INFOPLIST_FILE = NoteBookTestTask/Resourses/Info.plist;
				INFOPLIST_KEY_UIApplicationSupportsIndirectInputEvents = YES;
				INFOPLIST_KEY_UILaunchStoryboardName = LaunchScreen;
				INFOPLIST_KEY_UIMainStoryboardFile = Main;
				INFOPLIST_KEY_UISupportedInterfaceOrientations_iPad = "UIInterfaceOrientationPortrait UIInterfaceOrientationPortraitUpsideDown UIInterfaceOrientationLandscapeLeft UIInterfaceOrientationLandscapeRight";
				INFOPLIST_KEY_UISupportedInterfaceOrientations_iPhone = "UIInterfaceOrientationPortrait UIInterfaceOrientationLandscapeLeft UIInterfaceOrientationLandscapeRight";
				LD_RUNPATH_SEARCH_PATHS = (
					"$(inherited)",
					"@executable_path/Frameworks",
				);
				MARKETING_VERSION = 1.0;
				PRODUCT_BUNDLE_IDENTIFIER = ru.swixStarkovSwift.NoteBookTestTask;
				PRODUCT_NAME = "$(TARGET_NAME)";
				SWIFT_EMIT_LOC_STRINGS = YES;
				SWIFT_VERSION = 5.0;
				TARGETED_DEVICE_FAMILY = "1,2";
			};
			name = Debug;
		};
		3F2B35C5286C4136000D3711 /* Release */ = {
			isa = XCBuildConfiguration;
			buildSettings = {
				ASSETCATALOG_COMPILER_APPICON_NAME = AppIcon;
				ASSETCATALOG_COMPILER_GLOBAL_ACCENT_COLOR_NAME = AccentColor;
				CODE_SIGN_STYLE = Automatic;
				CURRENT_PROJECT_VERSION = 1;
				DEVELOPMENT_TEAM = T7FVMHHXDH;
				GENERATE_INFOPLIST_FILE = YES;
				INFOPLIST_FILE = NoteBookTestTask/Resourses/Info.plist;
				INFOPLIST_KEY_UIApplicationSupportsIndirectInputEvents = YES;
				INFOPLIST_KEY_UILaunchStoryboardName = LaunchScreen;
				INFOPLIST_KEY_UIMainStoryboardFile = Main;
				INFOPLIST_KEY_UISupportedInterfaceOrientations_iPad = "UIInterfaceOrientationPortrait UIInterfaceOrientationPortraitUpsideDown UIInterfaceOrientationLandscapeLeft UIInterfaceOrientationLandscapeRight";
				INFOPLIST_KEY_UISupportedInterfaceOrientations_iPhone = "UIInterfaceOrientationPortrait UIInterfaceOrientationLandscapeLeft UIInterfaceOrientationLandscapeRight";
				LD_RUNPATH_SEARCH_PATHS = (
					"$(inherited)",
					"@executable_path/Frameworks",
				);
				MARKETING_VERSION = 1.0;
				PRODUCT_BUNDLE_IDENTIFIER = ru.swixStarkovSwift.NoteBookTestTask;
				PRODUCT_NAME = "$(TARGET_NAME)";
				SWIFT_EMIT_LOC_STRINGS = YES;
				SWIFT_VERSION = 5.0;
				TARGETED_DEVICE_FAMILY = "1,2";
			};
			name = Release;
		};
/* End XCBuildConfiguration section */

/* Begin XCConfigurationList section */
		3F2B35AA286C4135000D3711 /* Build configuration list for PBXProject "NoteBookTestTask" */ = {
			isa = XCConfigurationList;
			buildConfigurations = (
				3F2B35C1286C4136000D3711 /* Debug */,
				3F2B35C2286C4136000D3711 /* Release */,
			);
			defaultConfigurationIsVisible = 0;
			defaultConfigurationName = Release;
		};
		3F2B35C3286C4136000D3711 /* Build configuration list for PBXNativeTarget "NoteBookTestTask" */ = {
			isa = XCConfigurationList;
			buildConfigurations = (
				3F2B35C4286C4136000D3711 /* Debug */,
				3F2B35C5286C4136000D3711 /* Release */,
			);
			defaultConfigurationIsVisible = 0;
			defaultConfigurationName = Release;
		};
/* End XCConfigurationList section */

/* Begin XCRemoteSwiftPackageReference section */
		3F2B35DC286C85AB000D3711 /* XCRemoteSwiftPackageReference "realm-swift" */ = {
			isa = XCRemoteSwiftPackageReference;
			repositoryURL = "https://github.com/realm/realm-swift";
			requirement = {
				branch = master;
				kind = branch;
			};
		};
/* End XCRemoteSwiftPackageReference section */

/* Begin XCSwiftPackageProductDependency section */
		3F2B35DD286C85AB000D3711 /* Realm */ = {
			isa = XCSwiftPackageProductDependency;
			package = 3F2B35DC286C85AB000D3711 /* XCRemoteSwiftPackageReference "realm-swift" */;
			productName = Realm;
		};
		3F2B35DF286C85AB000D3711 /* RealmSwift */ = {
			isa = XCSwiftPackageProductDependency;
			package = 3F2B35DC286C85AB000D3711 /* XCRemoteSwiftPackageReference "realm-swift" */;
			productName = RealmSwift;
		};
/* End XCSwiftPackageProductDependency section */
	};
	rootObject = 3F2B35A7286C4135000D3711 /* Project object */;
}
